
Microsoft Visual Studio Solution File, Format Version 12.00
# Visual Studio 14
VisualStudioVersion = 14.0.23107.0
MinimumVisualStudioVersion = 10.0.40219.1
Project("{8BC9CEB8-8B4A-11D0-8D11-00A0C91BC942}") = "9.2-this pointer", "9.2-this pointer\9.2-this pointer.vcxproj", "{C08B0A6E-1474-4B78-A8BE-D47C22B67594}"
EndProject
Project("{8BC9CEB8-8B4A-11D0-8D11-00A0C91BC942}") = "9.2-__stdcall", "9.2-__stdcall\9.2-__stdcall.vcxproj", "{9D63CAAF-94C5-4F49-9FF8-C0D237C584B1}"
EndProject
Project("{8BC9CEB8-8B4A-11D0-8D11-00A0C91BC942}") = "9.3-static member", "9.3-static member\9.3-static member.vcxproj", "{367850D7-2C02-467E-AE79-BC2248677EE6}"
EndProject
Project("{8BC9CEB8-8B4A-11D0-8D11-00A0C91BC942}") = "9.3-using static member", "9.3-using static member\9.3-using static member.vcxproj", "{6DEB11AE-F3D1-4EEC-8B4B-51628B8A444C}"
EndProject
Project("{8BC9CEB8-8B4A-11D0-8D11-00A0C91BC942}") = "9.4-using obj as args of func", "9.4-using obj as args of func\9.4-using obj as args of func.vcxproj", "{A8D0423E-80A9-423A-8097-4781E9FE3E04}"
EndProject
Project("{8BC9CEB8-8B4A-11D0-8D11-00A0C91BC942}") = "9.4-using obj(containging array) as args", "9.4-using obj(containging array) as args\9.4-using obj(containging array) as args.vcxproj", "{EAFFCCF3-110C-43DE-9402-14BD7BA879C8}"
EndProject
Project("{8BC9CEB8-8B4A-11D0-8D11-00A0C91BC942}") = "9.4-resource release err", "9.4-resource release err\9.4-resource release err.vcxproj", "{B1D2E844-2B00-4650-8C06-176079BE03FF}"
EndProject
Project("{8BC9CEB8-8B4A-11D0-8D11-00A0C91BC942}") = "9.4-using obj ptr as args", "9.4-using obj ptr as args\9.4-using obj ptr as args.vcxproj", "{48D66404-1D17-41BB-BF58-F27532F76D77}"
EndProject
Project("{8BC9CEB8-8B4A-11D0-8D11-00A0C91BC942}") = "9.4-using obj ref as args", "9.4-using obj ref as args\9.4-using obj ref as args.vcxproj", "{1CA3FD4E-C0D3-4FFA-A327-16F452448EE8}"
EndProject
Project("{8BC9CEB8-8B4A-11D0-8D11-00A0C91BC942}") = "9.5-using obj as retval", "9.5-using obj as retval\9.5-using obj as retval.vcxproj", "{09F68D30-B80E-4143-B7A5-6F46D5A006BC}"
EndProject
Project("{8BC9CEB8-8B4A-11D0-8D11-00A0C91BC942}") = "9.x-__fastcall", "9.x-__fastcall\9.x-__fastcall.vcxproj", "{91340CC8-FF60-4DB2-9B24-70E4587E1C7E}"
EndProject
Project("{8BC9CEB8-8B4A-11D0-8D11-00A0C91BC942}") = "10.1-local object", "10.1-local object\10.1-local object.vcxproj", "{026226E9-D93A-4691-8221-23B856B9F2D9}"
EndProject
Project("{8BC9CEB8-8B4A-11D0-8D11-00A0C91BC942}") = "10.1-heap object", "10.1-heap object\10.1-heap object.vcxproj", "{AB1B0C8B-9CEA-46DE-A99F-F479BDCB77F2}"
EndProject
Project("{8BC9CEB8-8B4A-11D0-8D11-00A0C91BC942}") = "10.1-argument object", "10.1-argument object\10.1-argument object.vcxproj", "{14074E1D-984D-4891-8BA2-0426A816FCE0}"
EndProject
Project("{8BC9CEB8-8B4A-11D0-8D11-00A0C91BC942}") = "10.1-return object", "10.1-return object\10.1-return object.vcxproj", "{0E1B2D82-946B-4DB7-B7FA-8546E422AC5B}"
EndProject
Project("{8BC9CEB8-8B4A-11D0-8D11-00A0C91BC942}") = "10.3-local object", "10.3-local object\10.3-local object.vcxproj", "{1F1F638C-FB04-4439-8279-0E004F11AEFD}"
EndProject
Project("{8BC9CEB8-8B4A-11D0-8D11-00A0C91BC942}") = "10.3-heap object", "10.3-heap object\10.3-heap object.vcxproj", "{823EB91B-6499-4A93-8A5C-79ECD20BFE3B}"
EndProject
Project("{8BC9CEB8-8B4A-11D0-8D11-00A0C91BC942}") = "10.3-heap objects", "10.3-heap objects\10.3-heap objects.vcxproj", "{A92D21FA-88DE-4AEB-947F-3EB0A62A0A23}"
EndProject
Project("{8BC9CEB8-8B4A-11D0-8D11-00A0C91BC942}") = "11.1-virtual func", "11.1-virtual func init\11.1-virtual func init.vcxproj", "{6B90C326-BBE0-45A6-ACFA-CF8F61226417}"
EndProject
Project("{8BC9CEB8-8B4A-11D0-8D11-00A0C91BC942}") = "11.1-virual func AND destructor", "11.1-virual func AND destructor\11.1-virual func AND destructor.vcxproj", "{4C88E7A3-8E7D-48D7-AF1C-0C41B7DDB37D}"
EndProject
Project("{8BC9CEB8-8B4A-11D0-8D11-00A0C91BC942}") = "12.1-识别类和类之间的关系(1)", "12.1-识别类和类之间的关系(1)\12.1-识别类和类之间的关系(1).vcxproj", "{2B553D6E-B26E-4F05-A375-67AAD91E8721}"
EndProject
Project("{8BC9CEB8-8B4A-11D0-8D11-00A0C91BC942}") = "12.1-识别类和类之间的关系(2)", "12.1-识别类和类之间的关系(2)\12.1-识别类和类之间的关系(2).vcxproj", "{6795443D-EFDB-4D60-92AC-283F2E64BC68}"
EndProject
Project("{8BC9CEB8-8B4A-11D0-8D11-00A0C91BC942}") = "12.2-多重继承(1)", "12.2-多重继承(1)\12.2-多重继承(1).vcxproj", "{D9A21351-DE35-42CC-BA9C-C752346B4CB3}"
EndProject
Global
	GlobalSection(SolutionConfigurationPlatforms) = preSolution
		Debug|x64 = Debug|x64
		Debug|x86 = Debug|x86
		Release|x64 = Release|x64
		Release|x86 = Release|x86
	EndGlobalSection
	GlobalSection(ProjectConfigurationPlatforms) = postSolution
		{C08B0A6E-1474-4B78-A8BE-D47C22B67594}.Debug|x64.ActiveCfg = Debug|x64
		{C08B0A6E-1474-4B78-A8BE-D47C22B67594}.Debug|x64.Build.0 = Debug|x64
		{C08B0A6E-1474-4B78-A8BE-D47C22B67594}.Debug|x86.ActiveCfg = Debug|Win32
		{C08B0A6E-1474-4B78-A8BE-D47C22B67594}.Debug|x86.Build.0 = Debug|Win32
		{C08B0A6E-1474-4B78-A8BE-D47C22B67594}.Release|x64.ActiveCfg = Release|x64
		{C08B0A6E-1474-4B78-A8BE-D47C22B67594}.Release|x64.Build.0 = Release|x64
		{C08B0A6E-1474-4B78-A8BE-D47C22B67594}.Release|x86.ActiveCfg = Release|Win32
		{C08B0A6E-1474-4B78-A8BE-D47C22B67594}.Release|x86.Build.0 = Release|Win32
		{9D63CAAF-94C5-4F49-9FF8-C0D237C584B1}.Debug|x64.ActiveCfg = Debug|x64
		{9D63CAAF-94C5-4F49-9FF8-C0D237C584B1}.Debug|x64.Build.0 = Debug|x64
		{9D63CAAF-94C5-4F49-9FF8-C0D237C584B1}.Debug|x86.ActiveCfg = Debug|Win32
		{9D63CAAF-94C5-4F49-9FF8-C0D237C584B1}.Debug|x86.Build.0 = Debug|Win32
		{9D63CAAF-94C5-4F49-9FF8-C0D237C584B1}.Release|x64.ActiveCfg = Release|x64
		{9D63CAAF-94C5-4F49-9FF8-C0D237C584B1}.Release|x64.Build.0 = Release|x64
		{9D63CAAF-94C5-4F49-9FF8-C0D237C584B1}.Release|x86.ActiveCfg = Release|Win32
		{9D63CAAF-94C5-4F49-9FF8-C0D237C584B1}.Release|x86.Build.0 = Release|Win32
		{367850D7-2C02-467E-AE79-BC2248677EE6}.Debug|x64.ActiveCfg = Debug|x64
		{367850D7-2C02-467E-AE79-BC2248677EE6}.Debug|x64.Build.0 = Debug|x64
		{367850D7-2C02-467E-AE79-BC2248677EE6}.Debug|x86.ActiveCfg = Debug|Win32
		{367850D7-2C02-467E-AE79-BC2248677EE6}.Debug|x86.Build.0 = Debug|Win32
		{367850D7-2C02-467E-AE79-BC2248677EE6}.Release|x64.ActiveCfg = Release|x64
		{367850D7-2C02-467E-AE79-BC2248677EE6}.Release|x64.Build.0 = Release|x64
		{367850D7-2C02-467E-AE79-BC2248677EE6}.Release|x86.ActiveCfg = Release|Win32
		{367850D7-2C02-467E-AE79-BC2248677EE6}.Release|x86.Build.0 = Release|Win32
		{6DEB11AE-F3D1-4EEC-8B4B-51628B8A444C}.Debug|x64.ActiveCfg = Debug|x64
		{6DEB11AE-F3D1-4EEC-8B4B-51628B8A444C}.Debug|x64.Build.0 = Debug|x64
		{6DEB11AE-F3D1-4EEC-8B4B-51628B8A444C}.Debug|x86.ActiveCfg = Debug|Win32
		{6DEB11AE-F3D1-4EEC-8B4B-51628B8A444C}.Debug|x86.Build.0 = Debug|Win32
		{6DEB11AE-F3D1-4EEC-8B4B-51628B8A444C}.Release|x64.ActiveCfg = Release|x64
		{6DEB11AE-F3D1-4EEC-8B4B-51628B8A444C}.Release|x64.Build.0 = Release|x64
		{6DEB11AE-F3D1-4EEC-8B4B-51628B8A444C}.Release|x86.ActiveCfg = Release|Win32
		{6DEB11AE-F3D1-4EEC-8B4B-51628B8A444C}.Release|x86.Build.0 = Release|Win32
		{A8D0423E-80A9-423A-8097-4781E9FE3E04}.Debug|x64.ActiveCfg = Debug|x64
		{A8D0423E-80A9-423A-8097-4781E9FE3E04}.Debug|x64.Build.0 = Debug|x64
		{A8D0423E-80A9-423A-8097-4781E9FE3E04}.Debug|x86.ActiveCfg = Debug|Win32
		{A8D0423E-80A9-423A-8097-4781E9FE3E04}.Debug|x86.Build.0 = Debug|Win32
		{A8D0423E-80A9-423A-8097-4781E9FE3E04}.Release|x64.ActiveCfg = Release|x64
		{A8D0423E-80A9-423A-8097-4781E9FE3E04}.Release|x64.Build.0 = Release|x64
		{A8D0423E-80A9-423A-8097-4781E9FE3E04}.Release|x86.ActiveCfg = Release|Win32
		{A8D0423E-80A9-423A-8097-4781E9FE3E04}.Release|x86.Build.0 = Release|Win32
		{EAFFCCF3-110C-43DE-9402-14BD7BA879C8}.Debug|x64.ActiveCfg = Debug|x64
		{EAFFCCF3-110C-43DE-9402-14BD7BA879C8}.Debug|x64.Build.0 = Debug|x64
		{EAFFCCF3-110C-43DE-9402-14BD7BA879C8}.Debug|x86.ActiveCfg = Debug|Win32
		{EAFFCCF3-110C-43DE-9402-14BD7BA879C8}.Debug|x86.Build.0 = Debug|Win32
		{EAFFCCF3-110C-43DE-9402-14BD7BA879C8}.Release|x64.ActiveCfg = Release|x64
		{EAFFCCF3-110C-43DE-9402-14BD7BA879C8}.Release|x64.Build.0 = Release|x64
		{EAFFCCF3-110C-43DE-9402-14BD7BA879C8}.Release|x86.ActiveCfg = Release|Win32
		{EAFFCCF3-110C-43DE-9402-14BD7BA879C8}.Release|x86.Build.0 = Release|Win32
		{B1D2E844-2B00-4650-8C06-176079BE03FF}.Debug|x64.ActiveCfg = Debug|x64
		{B1D2E844-2B00-4650-8C06-176079BE03FF}.Debug|x64.Build.0 = Debug|x64
		{B1D2E844-2B00-4650-8C06-176079BE03FF}.Debug|x86.ActiveCfg = Debug|Win32
		{B1D2E844-2B00-4650-8C06-176079BE03FF}.Debug|x86.Build.0 = Debug|Win32
		{B1D2E844-2B00-4650-8C06-176079BE03FF}.Release|x64.ActiveCfg = Release|x64
		{B1D2E844-2B00-4650-8C06-176079BE03FF}.Release|x64.Build.0 = Release|x64
		{B1D2E844-2B00-4650-8C06-176079BE03FF}.Release|x86.ActiveCfg = Release|Win32
		{B1D2E844-2B00-4650-8C06-176079BE03FF}.Release|x86.Build.0 = Release|Win32
		{48D66404-1D17-41BB-BF58-F27532F76D77}.Debug|x64.ActiveCfg = Debug|x64
		{48D66404-1D17-41BB-BF58-F27532F76D77}.Debug|x64.Build.0 = Debug|x64
		{48D66404-1D17-41BB-BF58-F27532F76D77}.Debug|x86.ActiveCfg = Debug|Win32
		{48D66404-1D17-41BB-BF58-F27532F76D77}.Debug|x86.Build.0 = Debug|Win32
		{48D66404-1D17-41BB-BF58-F27532F76D77}.Release|x64.ActiveCfg = Release|x64
		{48D66404-1D17-41BB-BF58-F27532F76D77}.Release|x64.Build.0 = Release|x64
		{48D66404-1D17-41BB-BF58-F27532F76D77}.Release|x86.ActiveCfg = Release|Win32
		{48D66404-1D17-41BB-BF58-F27532F76D77}.Release|x86.Build.0 = Release|Win32
		{1CA3FD4E-C0D3-4FFA-A327-16F452448EE8}.Debug|x64.ActiveCfg = Debug|x64
		{1CA3FD4E-C0D3-4FFA-A327-16F452448EE8}.Debug|x64.Build.0 = Debug|x64
		{1CA3FD4E-C0D3-4FFA-A327-16F452448EE8}.Debug|x86.ActiveCfg = Debug|Win32
		{1CA3FD4E-C0D3-4FFA-A327-16F452448EE8}.Debug|x86.Build.0 = Debug|Win32
		{1CA3FD4E-C0D3-4FFA-A327-16F452448EE8}.Release|x64.ActiveCfg = Release|x64
		{1CA3FD4E-C0D3-4FFA-A327-16F452448EE8}.Release|x64.Build.0 = Release|x64
		{1CA3FD4E-C0D3-4FFA-A327-16F452448EE8}.Release|x86.ActiveCfg = Release|Win32
		{1CA3FD4E-C0D3-4FFA-A327-16F452448EE8}.Release|x86.Build.0 = Release|Win32
		{09F68D30-B80E-4143-B7A5-6F46D5A006BC}.Debug|x64.ActiveCfg = Debug|x64
		{09F68D30-B80E-4143-B7A5-6F46D5A006BC}.Debug|x64.Build.0 = Debug|x64
		{09F68D30-B80E-4143-B7A5-6F46D5A006BC}.Debug|x86.ActiveCfg = Debug|Win32
		{09F68D30-B80E-4143-B7A5-6F46D5A006BC}.Debug|x86.Build.0 = Debug|Win32
		{09F68D30-B80E-4143-B7A5-6F46D5A006BC}.Release|x64.ActiveCfg = Release|x64
		{09F68D30-B80E-4143-B7A5-6F46D5A006BC}.Release|x64.Build.0 = Release|x64
		{09F68D30-B80E-4143-B7A5-6F46D5A006BC}.Release|x86.ActiveCfg = Release|Win32
		{09F68D30-B80E-4143-B7A5-6F46D5A006BC}.Release|x86.Build.0 = Release|Win32
		{91340CC8-FF60-4DB2-9B24-70E4587E1C7E}.Debug|x64.ActiveCfg = Debug|x64
		{91340CC8-FF60-4DB2-9B24-70E4587E1C7E}.Debug|x64.Build.0 = Debug|x64
		{91340CC8-FF60-4DB2-9B24-70E4587E1C7E}.Debug|x86.ActiveCfg = Debug|Win32
		{91340CC8-FF60-4DB2-9B24-70E4587E1C7E}.Debug|x86.Build.0 = Debug|Win32
		{91340CC8-FF60-4DB2-9B24-70E4587E1C7E}.Release|x64.ActiveCfg = Release|x64
		{91340CC8-FF60-4DB2-9B24-70E4587E1C7E}.Release|x64.Build.0 = Release|x64
		{91340CC8-FF60-4DB2-9B24-70E4587E1C7E}.Release|x86.ActiveCfg = Release|Win32
		{91340CC8-FF60-4DB2-9B24-70E4587E1C7E}.Release|x86.Build.0 = Release|Win32
		{026226E9-D93A-4691-8221-23B856B9F2D9}.Debug|x64.ActiveCfg = Debug|x64
		{026226E9-D93A-4691-8221-23B856B9F2D9}.Debug|x64.Build.0 = Debug|x64
		{026226E9-D93A-4691-8221-23B856B9F2D9}.Debug|x86.ActiveCfg = Debug|Win32
		{026226E9-D93A-4691-8221-23B856B9F2D9}.Debug|x86.Build.0 = Debug|Win32
		{026226E9-D93A-4691-8221-23B856B9F2D9}.Release|x64.ActiveCfg = Release|x64
		{026226E9-D93A-4691-8221-23B856B9F2D9}.Release|x64.Build.0 = Release|x64
		{026226E9-D93A-4691-8221-23B856B9F2D9}.Release|x86.ActiveCfg = Release|Win32
		{026226E9-D93A-4691-8221-23B856B9F2D9}.Release|x86.Build.0 = Release|Win32
		{AB1B0C8B-9CEA-46DE-A99F-F479BDCB77F2}.Debug|x64.ActiveCfg = Debug|x64
		{AB1B0C8B-9CEA-46DE-A99F-F479BDCB77F2}.Debug|x64.Build.0 = Debug|x64
		{AB1B0C8B-9CEA-46DE-A99F-F479BDCB77F2}.Debug|x86.ActiveCfg = Debug|Win32
		{AB1B0C8B-9CEA-46DE-A99F-F479BDCB77F2}.Debug|x86.Build.0 = Debug|Win32
		{AB1B0C8B-9CEA-46DE-A99F-F479BDCB77F2}.Release|x64.ActiveCfg = Release|x64
		{AB1B0C8B-9CEA-46DE-A99F-F479BDCB77F2}.Release|x64.Build.0 = Release|x64
		{AB1B0C8B-9CEA-46DE-A99F-F479BDCB77F2}.Release|x86.ActiveCfg = Release|Win32
		{AB1B0C8B-9CEA-46DE-A99F-F479BDCB77F2}.Release|x86.Build.0 = Release|Win32
		{14074E1D-984D-4891-8BA2-0426A816FCE0}.Debug|x64.ActiveCfg = Debug|x64
		{14074E1D-984D-4891-8BA2-0426A816FCE0}.Debug|x64.Build.0 = Debug|x64
		{14074E1D-984D-4891-8BA2-0426A816FCE0}.Debug|x86.ActiveCfg = Debug|Win32
		{14074E1D-984D-4891-8BA2-0426A816FCE0}.Debug|x86.Build.0 = Debug|Win32
		{14074E1D-984D-4891-8BA2-0426A816FCE0}.Release|x64.ActiveCfg = Release|x64
		{14074E1D-984D-4891-8BA2-0426A816FCE0}.Release|x64.Build.0 = Release|x64
		{14074E1D-984D-4891-8BA2-0426A816FCE0}.Release|x86.ActiveCfg = Release|Win32
		{14074E1D-984D-4891-8BA2-0426A816FCE0}.Release|x86.Build.0 = Release|Win32
		{0E1B2D82-946B-4DB7-B7FA-8546E422AC5B}.Debug|x64.ActiveCfg = Debug|x64
		{0E1B2D82-946B-4DB7-B7FA-8546E422AC5B}.Debug|x64.Build.0 = Debug|x64
		{0E1B2D82-946B-4DB7-B7FA-8546E422AC5B}.Debug|x86.ActiveCfg = Debug|Win32
		{0E1B2D82-946B-4DB7-B7FA-8546E422AC5B}.Debug|x86.Build.0 = Debug|Win32
		{0E1B2D82-946B-4DB7-B7FA-8546E422AC5B}.Release|x64.ActiveCfg = Release|x64
		{0E1B2D82-946B-4DB7-B7FA-8546E422AC5B}.Release|x64.Build.0 = Release|x64
		{0E1B2D82-946B-4DB7-B7FA-8546E422AC5B}.Release|x86.ActiveCfg = Release|Win32
		{0E1B2D82-946B-4DB7-B7FA-8546E422AC5B}.Release|x86.Build.0 = Release|Win32
		{1F1F638C-FB04-4439-8279-0E004F11AEFD}.Debug|x64.ActiveCfg = Debug|x64
		{1F1F638C-FB04-4439-8279-0E004F11AEFD}.Debug|x64.Build.0 = Debug|x64
		{1F1F638C-FB04-4439-8279-0E004F11AEFD}.Debug|x86.ActiveCfg = Debug|Win32
		{1F1F638C-FB04-4439-8279-0E004F11AEFD}.Debug|x86.Build.0 = Debug|Win32
		{1F1F638C-FB04-4439-8279-0E004F11AEFD}.Release|x64.ActiveCfg = Release|x64
		{1F1F638C-FB04-4439-8279-0E004F11AEFD}.Release|x64.Build.0 = Release|x64
		{1F1F638C-FB04-4439-8279-0E004F11AEFD}.Release|x86.ActiveCfg = Release|Win32
		{1F1F638C-FB04-4439-8279-0E004F11AEFD}.Release|x86.Build.0 = Release|Win32
		{823EB91B-6499-4A93-8A5C-79ECD20BFE3B}.Debug|x64.ActiveCfg = Debug|x64
		{823EB91B-6499-4A93-8A5C-79ECD20BFE3B}.Debug|x64.Build.0 = Debug|x64
		{823EB91B-6499-4A93-8A5C-79ECD20BFE3B}.Debug|x86.ActiveCfg = Debug|Win32
		{823EB91B-6499-4A93-8A5C-79ECD20BFE3B}.Debug|x86.Build.0 = Debug|Win32
		{823EB91B-6499-4A93-8A5C-79ECD20BFE3B}.Release|x64.ActiveCfg = Release|x64
		{823EB91B-6499-4A93-8A5C-79ECD20BFE3B}.Release|x64.Build.0 = Release|x64
		{823EB91B-6499-4A93-8A5C-79ECD20BFE3B}.Release|x86.ActiveCfg = Release|Win32
		{823EB91B-6499-4A93-8A5C-79ECD20BFE3B}.Release|x86.Build.0 = Release|Win32
		{A92D21FA-88DE-4AEB-947F-3EB0A62A0A23}.Debug|x64.ActiveCfg = Debug|x64
		{A92D21FA-88DE-4AEB-947F-3EB0A62A0A23}.Debug|x64.Build.0 = Debug|x64
		{A92D21FA-88DE-4AEB-947F-3EB0A62A0A23}.Debug|x86.ActiveCfg = Debug|Win32
		{A92D21FA-88DE-4AEB-947F-3EB0A62A0A23}.Debug|x86.Build.0 = Debug|Win32
		{A92D21FA-88DE-4AEB-947F-3EB0A62A0A23}.Release|x64.ActiveCfg = Release|x64
		{A92D21FA-88DE-4AEB-947F-3EB0A62A0A23}.Release|x64.Build.0 = Release|x64
		{A92D21FA-88DE-4AEB-947F-3EB0A62A0A23}.Release|x86.ActiveCfg = Release|Win32
		{A92D21FA-88DE-4AEB-947F-3EB0A62A0A23}.Release|x86.Build.0 = Release|Win32
		{6B90C326-BBE0-45A6-ACFA-CF8F61226417}.Debug|x64.ActiveCfg = Debug|x64
		{6B90C326-BBE0-45A6-ACFA-CF8F61226417}.Debug|x64.Build.0 = Debug|x64
		{6B90C326-BBE0-45A6-ACFA-CF8F61226417}.Debug|x86.ActiveCfg = Debug|Win32
		{6B90C326-BBE0-45A6-ACFA-CF8F61226417}.Debug|x86.Build.0 = Debug|Win32
		{6B90C326-BBE0-45A6-ACFA-CF8F61226417}.Release|x64.ActiveCfg = Release|x64
		{6B90C326-BBE0-45A6-ACFA-CF8F61226417}.Release|x64.Build.0 = Release|x64
		{6B90C326-BBE0-45A6-ACFA-CF8F61226417}.Release|x86.ActiveCfg = Release|Win32
		{6B90C326-BBE0-45A6-ACFA-CF8F61226417}.Release|x86.Build.0 = Release|Win32
		{4C88E7A3-8E7D-48D7-AF1C-0C41B7DDB37D}.Debug|x64.ActiveCfg = Debug|x64
		{4C88E7A3-8E7D-48D7-AF1C-0C41B7DDB37D}.Debug|x64.Build.0 = Debug|x64
		{4C88E7A3-8E7D-48D7-AF1C-0C41B7DDB37D}.Debug|x86.ActiveCfg = Debug|Win32
		{4C88E7A3-8E7D-48D7-AF1C-0C41B7DDB37D}.Debug|x86.Build.0 = Debug|Win32
		{4C88E7A3-8E7D-48D7-AF1C-0C41B7DDB37D}.Release|x64.ActiveCfg = Release|x64
		{4C88E7A3-8E7D-48D7-AF1C-0C41B7DDB37D}.Release|x64.Build.0 = Release|x64
		{4C88E7A3-8E7D-48D7-AF1C-0C41B7DDB37D}.Release|x86.ActiveCfg = Release|Win32
		{4C88E7A3-8E7D-48D7-AF1C-0C41B7DDB37D}.Release|x86.Build.0 = Release|Win32
		{2B553D6E-B26E-4F05-A375-67AAD91E8721}.Debug|x64.ActiveCfg = Debug|x64
		{2B553D6E-B26E-4F05-A375-67AAD91E8721}.Debug|x64.Build.0 = Debug|x64
		{2B553D6E-B26E-4F05-A375-67AAD91E8721}.Debug|x86.ActiveCfg = Debug|Win32
		{2B553D6E-B26E-4F05-A375-67AAD91E8721}.Debug|x86.Build.0 = Debug|Win32
		{2B553D6E-B26E-4F05-A375-67AAD91E8721}.Release|x64.ActiveCfg = Release|x64
		{2B553D6E-B26E-4F05-A375-67AAD91E8721}.Release|x64.Build.0 = Release|x64
		{2B553D6E-B26E-4F05-A375-67AAD91E8721}.Release|x86.ActiveCfg = Release|Win32
		{2B553D6E-B26E-4F05-A375-67AAD91E8721}.Release|x86.Build.0 = Release|Win32
		{6795443D-EFDB-4D60-92AC-283F2E64BC68}.Debug|x64.ActiveCfg = Debug|x64
		{6795443D-EFDB-4D60-92AC-283F2E64BC68}.Debug|x64.Build.0 = Debug|x64
		{6795443D-EFDB-4D60-92AC-283F2E64BC68}.Debug|x86.ActiveCfg = Debug|Win32
		{6795443D-EFDB-4D60-92AC-283F2E64BC68}.Debug|x86.Build.0 = Debug|Win32
		{6795443D-EFDB-4D60-92AC-283F2E64BC68}.Release|x64.ActiveCfg = Release|x64
		{6795443D-EFDB-4D60-92AC-283F2E64BC68}.Release|x64.Build.0 = Release|x64
		{6795443D-EFDB-4D60-92AC-283F2E64BC68}.Release|x86.ActiveCfg = Release|Win32
		{6795443D-EFDB-4D60-92AC-283F2E64BC68}.Release|x86.Build.0 = Release|Win32
		{D9A21351-DE35-42CC-BA9C-C752346B4CB3}.Debug|x64.ActiveCfg = Debug|x64
		{D9A21351-DE35-42CC-BA9C-C752346B4CB3}.Debug|x64.Build.0 = Debug|x64
		{D9A21351-DE35-42CC-BA9C-C752346B4CB3}.Debug|x86.ActiveCfg = Debug|Win32
		{D9A21351-DE35-42CC-BA9C-C752346B4CB3}.Debug|x86.Build.0 = Debug|Win32
		{D9A21351-DE35-42CC-BA9C-C752346B4CB3}.Release|x64.ActiveCfg = Release|x64
		{D9A21351-DE35-42CC-BA9C-C752346B4CB3}.Release|x64.Build.0 = Release|x64
		{D9A21351-DE35-42CC-BA9C-C752346B4CB3}.Release|x86.ActiveCfg = Release|Win32
		{D9A21351-DE35-42CC-BA9C-C752346B4CB3}.Release|x86.Build.0 = Release|Win32
	EndGlobalSection
	GlobalSection(SolutionProperties) = preSolution
		HideSolutionNode = FALSE
	EndGlobalSection
EndGlobal
